// !$*UTF8*$!
{
	archiveVersion = 1;
	classes = {
	};
	objectVersion = 56;
	objects = {

/* Begin PBXBuildFile section */
		5272154B2B17C62200A5876A /* Transaction+CoreDataClass.swift in Sources */ = {isa = PBXBuildFile; fileRef = 527215492B17C62200A5876A /* Transaction+CoreDataClass.swift */; };
		5272154C2B17C62200A5876A /* Transaction+CoreDataProperties.swift in Sources */ = {isa = PBXBuildFile; fileRef = 5272154A2B17C62200A5876A /* Transaction+CoreDataProperties.swift */; };
		527215592B1A31A400A5876A /* AddMoneyViewController.swift in Sources */ = {isa = PBXBuildFile; fileRef = 527215572B1A31A400A5876A /* AddMoneyViewController.swift */; };
		5272155A2B1A31A400A5876A /* AddMoneyViewController.swift in Sources */ = {isa = PBXBuildFile; fileRef = 527215572B1A31A400A5876A /* AddMoneyViewController.swift */; };
		5272155B2B1A31A400A5876A /* AddMoneyViewController.xib in Resources */ = {isa = PBXBuildFile; fileRef = 527215582B1A31A400A5876A /* AddMoneyViewController.xib */; };
		5272155C2B1A31A400A5876A /* AddMoneyViewController.xib in Resources */ = {isa = PBXBuildFile; fileRef = 527215582B1A31A400A5876A /* AddMoneyViewController.xib */; };
		527215642B1B6EFA00A5876A /* TransactionsListViewController.swift in Sources */ = {isa = PBXBuildFile; fileRef = 527215622B1B6EFA00A5876A /* TransactionsListViewController.swift */; };
		527215652B1B6EFA00A5876A /* TransactionsListViewController.swift in Sources */ = {isa = PBXBuildFile; fileRef = 527215622B1B6EFA00A5876A /* TransactionsListViewController.swift */; };
		527215662B1B6EFA00A5876A /* TransactionsListViewController.xib in Resources */ = {isa = PBXBuildFile; fileRef = 527215632B1B6EFA00A5876A /* TransactionsListViewController.xib */; };
		527215672B1B6EFA00A5876A /* TransactionsListViewController.xib in Resources */ = {isa = PBXBuildFile; fileRef = 527215632B1B6EFA00A5876A /* TransactionsListViewController.xib */; };
		5272156A2B1B996600A5876A /* UIApplication+TopViewController.swift in Sources */ = {isa = PBXBuildFile; fileRef = 527215692B1B996600A5876A /* UIApplication+TopViewController.swift */; };
		5272156D2B1BAE0300A5876A /* Security.framework in Frameworks */ = {isa = PBXBuildFile; fileRef = 5272156C2B1BAE0300A5876A /* Security.framework */; };
		5272156F2B1BAE6200A5876A /* KeychainHelper.swift in Sources */ = {isa = PBXBuildFile; fileRef = 5272156E2B1BAE6200A5876A /* KeychainHelper.swift */; };
		527215742B1C919D00A5876A /* SettingsViewController.swift in Sources */ = {isa = PBXBuildFile; fileRef = 527215722B1C919D00A5876A /* SettingsViewController.swift */; };
		527215752B1C919D00A5876A /* SettingsViewController.xib in Resources */ = {isa = PBXBuildFile; fileRef = 527215732B1C919D00A5876A /* SettingsViewController.xib */; };
		52B1460F2B0BCC77007D9C4E /* AppDelegate.swift in Sources */ = {isa = PBXBuildFile; fileRef = 52B1460E2B0BCC77007D9C4E /* AppDelegate.swift */; };
		52B146112B0BCC77007D9C4E /* SceneDelegate.swift in Sources */ = {isa = PBXBuildFile; fileRef = 52B146102B0BCC77007D9C4E /* SceneDelegate.swift */; };
		52B146132B0BCC77007D9C4E /* ViewController.swift in Sources */ = {isa = PBXBuildFile; fileRef = 52B146122B0BCC77007D9C4E /* ViewController.swift */; };
		52B146162B0BCC77007D9C4E /* Main.storyboard in Resources */ = {isa = PBXBuildFile; fileRef = 52B146142B0BCC77007D9C4E /* Main.storyboard */; };
		52B146192B0BCC77007D9C4E /* CodeAcademyPay.xcdatamodeld in Sources */ = {isa = PBXBuildFile; fileRef = 52B146172B0BCC77007D9C4E /* CodeAcademyPay.xcdatamodeld */; };
		52B1461B2B0BCC7A007D9C4E /* Assets.xcassets in Resources */ = {isa = PBXBuildFile; fileRef = 52B1461A2B0BCC7A007D9C4E /* Assets.xcassets */; };
		52B1461E2B0BCC7A007D9C4E /* LaunchScreen.storyboard in Resources */ = {isa = PBXBuildFile; fileRef = 52B1461C2B0BCC7A007D9C4E /* LaunchScreen.storyboard */; };
		52B146292B0BCC7A007D9C4E /* CodeAcademyPayTests.swift in Sources */ = {isa = PBXBuildFile; fileRef = 52B146282B0BCC7A007D9C4E /* CodeAcademyPayTests.swift */; };
		52B146332B0BCC7A007D9C4E /* CodeAcademyPayUITests.swift in Sources */ = {isa = PBXBuildFile; fileRef = 52B146322B0BCC7A007D9C4E /* CodeAcademyPayUITests.swift */; };
		52B146352B0BCC7A007D9C4E /* CodeAcademyPayUITestsLaunchTests.swift in Sources */ = {isa = PBXBuildFile; fileRef = 52B146342B0BCC7A007D9C4E /* CodeAcademyPayUITestsLaunchTests.swift */; };
		52B146442B0BDCF1007D9C4E /* AuthenticationViewController.swift in Sources */ = {isa = PBXBuildFile; fileRef = 52B146422B0BDCF1007D9C4E /* AuthenticationViewController.swift */; };
		52B146452B0BDCF1007D9C4E /* AuthenticationViewController.swift in Sources */ = {isa = PBXBuildFile; fileRef = 52B146422B0BDCF1007D9C4E /* AuthenticationViewController.swift */; };
		52B146462B0BDCF1007D9C4E /* AuthenticationViewController.xib in Resources */ = {isa = PBXBuildFile; fileRef = 52B146432B0BDCF1007D9C4E /* AuthenticationViewController.xib */; };
		52B146472B0BDCF1007D9C4E /* AuthenticationViewController.xib in Resources */ = {isa = PBXBuildFile; fileRef = 52B146432B0BDCF1007D9C4E /* AuthenticationViewController.xib */; };
		52B1464A2B0BE625007D9C4E /* UserRegistrationData.swift in Sources */ = {isa = PBXBuildFile; fileRef = 52B146492B0BE625007D9C4E /* UserRegistrationData.swift */; };
		52B1464B2B0BE625007D9C4E /* UserRegistrationData.swift in Sources */ = {isa = PBXBuildFile; fileRef = 52B146492B0BE625007D9C4E /* UserRegistrationData.swift */; };
		52B1464E2B0BE7D8007D9C4E /* NetworkManager.swift in Sources */ = {isa = PBXBuildFile; fileRef = 52B1464D2B0BE7D8007D9C4E /* NetworkManager.swift */; };
		52B1464F2B0BE7D8007D9C4E /* NetworkManager.swift in Sources */ = {isa = PBXBuildFile; fileRef = 52B1464D2B0BE7D8007D9C4E /* NetworkManager.swift */; };
		52B146512B0BEFB0007D9C4E /* Endpoints.swift in Sources */ = {isa = PBXBuildFile; fileRef = 52B146502B0BEFB0007D9C4E /* Endpoints.swift */; };
		52B146522B0BEFB0007D9C4E /* Endpoints.swift in Sources */ = {isa = PBXBuildFile; fileRef = 52B146502B0BEFB0007D9C4E /* Endpoints.swift */; };
		52B1465B2B0E803C007D9C4E /* User.swift in Sources */ = {isa = PBXBuildFile; fileRef = 52B1465A2B0E803C007D9C4E /* User.swift */; };
		52B1465C2B0E803C007D9C4E /* User.swift in Sources */ = {isa = PBXBuildFile; fileRef = 52B1465A2B0E803C007D9C4E /* User.swift */; };
		52B1465E2B0E899B007D9C4E /* UserManagementViewModel.swift in Sources */ = {isa = PBXBuildFile; fileRef = 52B1465D2B0E899B007D9C4E /* UserManagementViewModel.swift */; };
		52B1465F2B0E899B007D9C4E /* UserManagementViewModel.swift in Sources */ = {isa = PBXBuildFile; fileRef = 52B1465D2B0E899B007D9C4E /* UserManagementViewModel.swift */; };
		52B146642B0FE4B7007D9C4E /* AuthenticatedUser.swift in Sources */ = {isa = PBXBuildFile; fileRef = 52B146632B0FE4B7007D9C4E /* AuthenticatedUser.swift */; };
		52B146652B0FE4B7007D9C4E /* AuthenticatedUser.swift in Sources */ = {isa = PBXBuildFile; fileRef = 52B146632B0FE4B7007D9C4E /* AuthenticatedUser.swift */; };
		52B146672B111372007D9C4E /* UserLoginData.swift in Sources */ = {isa = PBXBuildFile; fileRef = 52B146662B111372007D9C4E /* UserLoginData.swift */; };
		52B146682B111372007D9C4E /* UserLoginData.swift in Sources */ = {isa = PBXBuildFile; fileRef = 52B146662B111372007D9C4E /* UserLoginData.swift */; };
		52B1466A2B11166E007D9C4E /* UserLoginResponse.swift in Sources */ = {isa = PBXBuildFile; fileRef = 52B146692B11166E007D9C4E /* UserLoginResponse.swift */; };
		52B1466B2B11166E007D9C4E /* UserLoginResponse.swift in Sources */ = {isa = PBXBuildFile; fileRef = 52B146692B11166E007D9C4E /* UserLoginResponse.swift */; };
		52B1466E2B13D806007D9C4E /* HomeViewController.swift in Sources */ = {isa = PBXBuildFile; fileRef = 52B1466C2B13D806007D9C4E /* HomeViewController.swift */; };
		52B1466F2B13D806007D9C4E /* HomeViewController.swift in Sources */ = {isa = PBXBuildFile; fileRef = 52B1466C2B13D806007D9C4E /* HomeViewController.swift */; };
		52B146702B13D806007D9C4E /* HomeViewController.xib in Resources */ = {isa = PBXBuildFile; fileRef = 52B1466D2B13D806007D9C4E /* HomeViewController.xib */; };
		52B146712B13D806007D9C4E /* HomeViewController.xib in Resources */ = {isa = PBXBuildFile; fileRef = 52B1466D2B13D806007D9C4E /* HomeViewController.xib */; };
		52B146782B14852A007D9C4E /* TransactionResponse.swift in Sources */ = {isa = PBXBuildFile; fileRef = 52B146772B14852A007D9C4E /* TransactionResponse.swift */; };
		52B146792B14852A007D9C4E /* TransactionResponse.swift in Sources */ = {isa = PBXBuildFile; fileRef = 52B146772B14852A007D9C4E /* TransactionResponse.swift */; };
		52B1467B2B148631007D9C4E /* TransactionRequest.swift in Sources */ = {isa = PBXBuildFile; fileRef = 52B1467A2B148631007D9C4E /* TransactionRequest.swift */; };
		52B1467C2B148631007D9C4E /* TransactionRequest.swift in Sources */ = {isa = PBXBuildFile; fileRef = 52B1467A2B148631007D9C4E /* TransactionRequest.swift */; };
		52B146802B14886D007D9C4E /* TransactionViewModel.swift in Sources */ = {isa = PBXBuildFile; fileRef = 52B1467F2B14886D007D9C4E /* TransactionViewModel.swift */; };
		52B146812B14886D007D9C4E /* TransactionViewModel.swift in Sources */ = {isa = PBXBuildFile; fileRef = 52B1467F2B14886D007D9C4E /* TransactionViewModel.swift */; };
		52B146862B14B25D007D9C4E /* Pavizdys.xib in Resources */ = {isa = PBXBuildFile; fileRef = 52B146832B14B25D007D9C4E /* Pavizdys.xib */; };
		52B146872B14B25D007D9C4E /* Pavizdys.xib in Resources */ = {isa = PBXBuildFile; fileRef = 52B146832B14B25D007D9C4E /* Pavizdys.xib */; };
		52B1468A2B14E743007D9C4E /* pavizdys.swift in Sources */ = {isa = PBXBuildFile; fileRef = 52B146892B14E743007D9C4E /* pavizdys.swift */; };
		52B1468B2B14E743007D9C4E /* pavizdys.swift in Sources */ = {isa = PBXBuildFile; fileRef = 52B146892B14E743007D9C4E /* pavizdys.swift */; };
		52B1468E2B14E87B007D9C4E /* SendMoneyViewController.swift in Sources */ = {isa = PBXBuildFile; fileRef = 52B1468C2B14E87B007D9C4E /* SendMoneyViewController.swift */; };
		52B1468F2B14E87B007D9C4E /* SendMoneyViewController.swift in Sources */ = {isa = PBXBuildFile; fileRef = 52B1468C2B14E87B007D9C4E /* SendMoneyViewController.swift */; };
		52B146902B14E87B007D9C4E /* SendMoneyViewController.xib in Resources */ = {isa = PBXBuildFile; fileRef = 52B1468D2B14E87B007D9C4E /* SendMoneyViewController.xib */; };
		52B146912B14E87B007D9C4E /* SendMoneyViewController.xib in Resources */ = {isa = PBXBuildFile; fileRef = 52B1468D2B14E87B007D9C4E /* SendMoneyViewController.xib */; };
		52B146942B150545007D9C4E /* UnderlinedTextField.swift in Sources */ = {isa = PBXBuildFile; fileRef = 52B146932B150545007D9C4E /* UnderlinedTextField.swift */; };
		52B146952B150545007D9C4E /* UnderlinedTextField.swift in Sources */ = {isa = PBXBuildFile; fileRef = 52B146932B150545007D9C4E /* UnderlinedTextField.swift */; };
		52B146972B152B34007D9C4E /* UIViewControllerHelper.swift in Sources */ = {isa = PBXBuildFile; fileRef = 52B146962B152B34007D9C4E /* UIViewControllerHelper.swift */; };
		52B1469B2B15E68C007D9C4E /* ErrorResponse.swift in Sources */ = {isa = PBXBuildFile; fileRef = 52B1469A2B15E68C007D9C4E /* ErrorResponse.swift */; };
		52B1469D2B160262007D9C4E /* ValidationHelper.swift in Sources */ = {isa = PBXBuildFile; fileRef = 52B1469C2B160262007D9C4E /* ValidationHelper.swift */; };
		52B146A02B17554E007D9C4E /* TransactionTableViewCell.swift in Sources */ = {isa = PBXBuildFile; fileRef = 52B1469E2B17554E007D9C4E /* TransactionTableViewCell.swift */; };
		52B146A12B17554E007D9C4E /* TransactionTableViewCell.swift in Sources */ = {isa = PBXBuildFile; fileRef = 52B1469E2B17554E007D9C4E /* TransactionTableViewCell.swift */; };
		52B146A22B17554E007D9C4E /* TransactionTableViewCell.xib in Resources */ = {isa = PBXBuildFile; fileRef = 52B1469F2B17554E007D9C4E /* TransactionTableViewCell.xib */; };
		52B146A32B17554E007D9C4E /* TransactionTableViewCell.xib in Resources */ = {isa = PBXBuildFile; fileRef = 52B1469F2B17554E007D9C4E /* TransactionTableViewCell.xib */; };
/* End PBXBuildFile section */

/* Begin PBXContainerItemProxy section */
		52B146252B0BCC7A007D9C4E /* PBXContainerItemProxy */ = {
			isa = PBXContainerItemProxy;
			containerPortal = 52B146032B0BCC77007D9C4E /* Project object */;
			proxyType = 1;
			remoteGlobalIDString = 52B1460A2B0BCC77007D9C4E;
			remoteInfo = CodeAcademyPay;
		};
		52B1462F2B0BCC7A007D9C4E /* PBXContainerItemProxy */ = {
			isa = PBXContainerItemProxy;
			containerPortal = 52B146032B0BCC77007D9C4E /* Project object */;
			proxyType = 1;
			remoteGlobalIDString = 52B1460A2B0BCC77007D9C4E;
			remoteInfo = CodeAcademyPay;
		};
/* End PBXContainerItemProxy section */

/* Begin PBXFileReference section */
		527215492B17C62200A5876A /* Transaction+CoreDataClass.swift */ = {isa = PBXFileReference; lastKnownFileType = sourcecode.swift; path = "Transaction+CoreDataClass.swift"; sourceTree = "<group>"; };
		5272154A2B17C62200A5876A /* Transaction+CoreDataProperties.swift */ = {isa = PBXFileReference; lastKnownFileType = sourcecode.swift; path = "Transaction+CoreDataProperties.swift"; sourceTree = "<group>"; };
		527215572B1A31A400A5876A /* AddMoneyViewController.swift */ = {isa = PBXFileReference; lastKnownFileType = sourcecode.swift; path = AddMoneyViewController.swift; sourceTree = "<group>"; };
		527215582B1A31A400A5876A /* AddMoneyViewController.xib */ = {isa = PBXFileReference; lastKnownFileType = file.xib; path = AddMoneyViewController.xib; sourceTree = "<group>"; };
		527215622B1B6EFA00A5876A /* TransactionsListViewController.swift */ = {isa = PBXFileReference; lastKnownFileType = sourcecode.swift; path = TransactionsListViewController.swift; sourceTree = "<group>"; };
		527215632B1B6EFA00A5876A /* TransactionsListViewController.xib */ = {isa = PBXFileReference; lastKnownFileType = file.xib; path = TransactionsListViewController.xib; sourceTree = "<group>"; };
		527215692B1B996600A5876A /* UIApplication+TopViewController.swift */ = {isa = PBXFileReference; lastKnownFileType = sourcecode.swift; path = "UIApplication+TopViewController.swift"; sourceTree = "<group>"; };
		5272156C2B1BAE0300A5876A /* Security.framework */ = {isa = PBXFileReference; lastKnownFileType = wrapper.framework; name = Security.framework; path = System/Library/Frameworks/Security.framework; sourceTree = SDKROOT; };
		5272156E2B1BAE6200A5876A /* KeychainHelper.swift */ = {isa = PBXFileReference; lastKnownFileType = sourcecode.swift; path = KeychainHelper.swift; sourceTree = "<group>"; };
		527215722B1C919D00A5876A /* SettingsViewController.swift */ = {isa = PBXFileReference; lastKnownFileType = sourcecode.swift; path = SettingsViewController.swift; sourceTree = "<group>"; };
		527215732B1C919D00A5876A /* SettingsViewController.xib */ = {isa = PBXFileReference; lastKnownFileType = file.xib; path = SettingsViewController.xib; sourceTree = "<group>"; };
		52B1460B2B0BCC77007D9C4E /* CodeAcademyPay.app */ = {isa = PBXFileReference; explicitFileType = wrapper.application; includeInIndex = 0; path = CodeAcademyPay.app; sourceTree = BUILT_PRODUCTS_DIR; };
		52B1460E2B0BCC77007D9C4E /* AppDelegate.swift */ = {isa = PBXFileReference; lastKnownFileType = sourcecode.swift; path = AppDelegate.swift; sourceTree = "<group>"; };
		52B146102B0BCC77007D9C4E /* SceneDelegate.swift */ = {isa = PBXFileReference; lastKnownFileType = sourcecode.swift; path = SceneDelegate.swift; sourceTree = "<group>"; };
		52B146122B0BCC77007D9C4E /* ViewController.swift */ = {isa = PBXFileReference; lastKnownFileType = sourcecode.swift; path = ViewController.swift; sourceTree = "<group>"; };
		52B146152B0BCC77007D9C4E /* Base */ = {isa = PBXFileReference; lastKnownFileType = file.storyboard; name = Base; path = Base.lproj/Main.storyboard; sourceTree = "<group>"; };
		52B146182B0BCC77007D9C4E /* CodeAcademyPay.xcdatamodel */ = {isa = PBXFileReference; lastKnownFileType = wrapper.xcdatamodel; path = CodeAcademyPay.xcdatamodel; sourceTree = "<group>"; };
		52B1461A2B0BCC7A007D9C4E /* Assets.xcassets */ = {isa = PBXFileReference; lastKnownFileType = folder.assetcatalog; path = Assets.xcassets; sourceTree = "<group>"; };
		52B1461D2B0BCC7A007D9C4E /* Base */ = {isa = PBXFileReference; lastKnownFileType = file.storyboard; name = Base; path = Base.lproj/LaunchScreen.storyboard; sourceTree = "<group>"; };
		52B1461F2B0BCC7A007D9C4E /* Info.plist */ = {isa = PBXFileReference; lastKnownFileType = text.plist.xml; path = Info.plist; sourceTree = "<group>"; };
		52B146242B0BCC7A007D9C4E /* CodeAcademyPayTests.xctest */ = {isa = PBXFileReference; explicitFileType = wrapper.cfbundle; includeInIndex = 0; path = CodeAcademyPayTests.xctest; sourceTree = BUILT_PRODUCTS_DIR; };
		52B146282B0BCC7A007D9C4E /* CodeAcademyPayTests.swift */ = {isa = PBXFileReference; lastKnownFileType = sourcecode.swift; path = CodeAcademyPayTests.swift; sourceTree = "<group>"; };
		52B1462E2B0BCC7A007D9C4E /* CodeAcademyPayUITests.xctest */ = {isa = PBXFileReference; explicitFileType = wrapper.cfbundle; includeInIndex = 0; path = CodeAcademyPayUITests.xctest; sourceTree = BUILT_PRODUCTS_DIR; };
		52B146322B0BCC7A007D9C4E /* CodeAcademyPayUITests.swift */ = {isa = PBXFileReference; lastKnownFileType = sourcecode.swift; path = CodeAcademyPayUITests.swift; sourceTree = "<group>"; };
		52B146342B0BCC7A007D9C4E /* CodeAcademyPayUITestsLaunchTests.swift */ = {isa = PBXFileReference; lastKnownFileType = sourcecode.swift; path = CodeAcademyPayUITestsLaunchTests.swift; sourceTree = "<group>"; };
		52B146422B0BDCF1007D9C4E /* AuthenticationViewController.swift */ = {isa = PBXFileReference; lastKnownFileType = sourcecode.swift; path = AuthenticationViewController.swift; sourceTree = "<group>"; };
		52B146432B0BDCF1007D9C4E /* AuthenticationViewController.xib */ = {isa = PBXFileReference; lastKnownFileType = file.xib; path = AuthenticationViewController.xib; sourceTree = "<group>"; };
		52B146492B0BE625007D9C4E /* UserRegistrationData.swift */ = {isa = PBXFileReference; lastKnownFileType = sourcecode.swift; path = UserRegistrationData.swift; sourceTree = "<group>"; };
		52B1464D2B0BE7D8007D9C4E /* NetworkManager.swift */ = {isa = PBXFileReference; lastKnownFileType = sourcecode.swift; path = NetworkManager.swift; sourceTree = "<group>"; };
		52B146502B0BEFB0007D9C4E /* Endpoints.swift */ = {isa = PBXFileReference; lastKnownFileType = sourcecode.swift; path = Endpoints.swift; sourceTree = "<group>"; };
		52B1465A2B0E803C007D9C4E /* User.swift */ = {isa = PBXFileReference; lastKnownFileType = sourcecode.swift; path = User.swift; sourceTree = "<group>"; };
		52B1465D2B0E899B007D9C4E /* UserManagementViewModel.swift */ = {isa = PBXFileReference; lastKnownFileType = sourcecode.swift; path = UserManagementViewModel.swift; sourceTree = "<group>"; };
		52B146632B0FE4B7007D9C4E /* AuthenticatedUser.swift */ = {isa = PBXFileReference; lastKnownFileType = sourcecode.swift; path = AuthenticatedUser.swift; sourceTree = "<group>"; };
		52B146662B111372007D9C4E /* UserLoginData.swift */ = {isa = PBXFileReference; lastKnownFileType = sourcecode.swift; path = UserLoginData.swift; sourceTree = "<group>"; };
		52B146692B11166E007D9C4E /* UserLoginResponse.swift */ = {isa = PBXFileReference; lastKnownFileType = sourcecode.swift; path = UserLoginResponse.swift; sourceTree = "<group>"; };
		52B1466C2B13D806007D9C4E /* HomeViewController.swift */ = {isa = PBXFileReference; lastKnownFileType = sourcecode.swift; path = HomeViewController.swift; sourceTree = "<group>"; };
		52B1466D2B13D806007D9C4E /* HomeViewController.xib */ = {isa = PBXFileReference; lastKnownFileType = file.xib; path = HomeViewController.xib; sourceTree = "<group>"; };
		52B146772B14852A007D9C4E /* TransactionResponse.swift */ = {isa = PBXFileReference; lastKnownFileType = sourcecode.swift; path = TransactionResponse.swift; sourceTree = "<group>"; };
		52B1467A2B148631007D9C4E /* TransactionRequest.swift */ = {isa = PBXFileReference; lastKnownFileType = sourcecode.swift; path = TransactionRequest.swift; sourceTree = "<group>"; };
		52B1467F2B14886D007D9C4E /* TransactionViewModel.swift */ = {isa = PBXFileReference; lastKnownFileType = sourcecode.swift; path = TransactionViewModel.swift; sourceTree = "<group>"; };
		52B146832B14B25D007D9C4E /* Pavizdys.xib */ = {isa = PBXFileReference; lastKnownFileType = file.xib; path = Pavizdys.xib; sourceTree = "<group>"; };
		52B146892B14E743007D9C4E /* pavizdys.swift */ = {isa = PBXFileReference; lastKnownFileType = sourcecode.swift; path = pavizdys.swift; sourceTree = "<group>"; };
		52B1468C2B14E87B007D9C4E /* SendMoneyViewController.swift */ = {isa = PBXFileReference; lastKnownFileType = sourcecode.swift; path = SendMoneyViewController.swift; sourceTree = "<group>"; };
		52B1468D2B14E87B007D9C4E /* SendMoneyViewController.xib */ = {isa = PBXFileReference; lastKnownFileType = file.xib; path = SendMoneyViewController.xib; sourceTree = "<group>"; };
		52B146932B150545007D9C4E /* UnderlinedTextField.swift */ = {isa = PBXFileReference; lastKnownFileType = sourcecode.swift; path = UnderlinedTextField.swift; sourceTree = "<group>"; };
		52B146962B152B34007D9C4E /* UIViewControllerHelper.swift */ = {isa = PBXFileReference; lastKnownFileType = sourcecode.swift; path = UIViewControllerHelper.swift; sourceTree = "<group>"; };
		52B1469A2B15E68C007D9C4E /* ErrorResponse.swift */ = {isa = PBXFileReference; lastKnownFileType = sourcecode.swift; path = ErrorResponse.swift; sourceTree = "<group>"; };
		52B1469C2B160262007D9C4E /* ValidationHelper.swift */ = {isa = PBXFileReference; lastKnownFileType = sourcecode.swift; path = ValidationHelper.swift; sourceTree = "<group>"; };
		52B1469E2B17554E007D9C4E /* TransactionTableViewCell.swift */ = {isa = PBXFileReference; lastKnownFileType = sourcecode.swift; path = TransactionTableViewCell.swift; sourceTree = "<group>"; };
		52B1469F2B17554E007D9C4E /* TransactionTableViewCell.xib */ = {isa = PBXFileReference; lastKnownFileType = file.xib; path = TransactionTableViewCell.xib; sourceTree = "<group>"; };
/* End PBXFileReference section */

/* Begin PBXFrameworksBuildPhase section */
		52B146082B0BCC77007D9C4E /* Frameworks */ = {
			isa = PBXFrameworksBuildPhase;
			buildActionMask = 2147483647;
			files = (
				5272156D2B1BAE0300A5876A /* Security.framework in Frameworks */,
			);
			runOnlyForDeploymentPostprocessing = 0;
		};
		52B146212B0BCC7A007D9C4E /* Frameworks */ = {
			isa = PBXFrameworksBuildPhase;
			buildActionMask = 2147483647;
			files = (
			);
			runOnlyForDeploymentPostprocessing = 0;
		};
		52B1462B2B0BCC7A007D9C4E /* Frameworks */ = {
			isa = PBXFrameworksBuildPhase;
			buildActionMask = 2147483647;
			files = (
			);
			runOnlyForDeploymentPostprocessing = 0;
		};
/* End PBXFrameworksBuildPhase section */

/* Begin PBXGroup section */
		5272154F2B17C9B300A5876A /* CoreData */ = {
			isa = PBXGroup;
			children = (
				527215492B17C62200A5876A /* Transaction+CoreDataClass.swift */,
				5272154A2B17C62200A5876A /* Transaction+CoreDataProperties.swift */,
			);
			path = CoreData;
			sourceTree = "<group>";
		};
		527215552B19F0BA00A5876A /* Main */ = {
			isa = PBXGroup;
			children = (
				52B146122B0BCC77007D9C4E /* ViewController.swift */,
				52B146142B0BCC77007D9C4E /* Main.storyboard */,
			);
			path = Main;
			sourceTree = "<group>";
		};
		527215562B19F19E00A5876A /* Scenes */ = {
			isa = PBXGroup;
			children = (
				52B146482B0BDD16007D9C4E /* Authentication */,
				52B146722B13D823007D9C4E /* Home */,
				527215552B19F0BA00A5876A /* Main */,
			);
			path = Scenes;
			sourceTree = "<group>";
		};
		5272155D2B1A31B100A5876A /* AddMoney */ = {
			isa = PBXGroup;
			children = (
				527215572B1A31A400A5876A /* AddMoneyViewController.swift */,
				527215582B1A31A400A5876A /* AddMoneyViewController.xib */,
			);
			path = AddMoney;
			sourceTree = "<group>";
		};
		527215682B1B78FA00A5876A /* TransactionsListViewController */ = {
			isa = PBXGroup;
			children = (
				527215622B1B6EFA00A5876A /* TransactionsListViewController.swift */,
				527215632B1B6EFA00A5876A /* TransactionsListViewController.xib */,
				52B146A42B1755A3007D9C4E /* TransactionTableViewCell */,
			);
			path = TransactionsListViewController;
			sourceTree = "<group>";
		};
		5272156B2B1BAE0200A5876A /* Frameworks */ = {
			isa = PBXGroup;
			children = (
				5272156C2B1BAE0300A5876A /* Security.framework */,
			);
			name = Frameworks;
			sourceTree = "<group>";
		};
		527215712B1C916B00A5876A /* Settings */ = {
			isa = PBXGroup;
			children = (
				527215722B1C919D00A5876A /* SettingsViewController.swift */,
				527215732B1C919D00A5876A /* SettingsViewController.xib */,
			);
			path = Settings;
			sourceTree = "<group>";
		};
		52B146022B0BCC77007D9C4E = {
			isa = PBXGroup;
			children = (
				52B1460D2B0BCC77007D9C4E /* CodeAcademyPay */,
				52B146272B0BCC7A007D9C4E /* CodeAcademyPayTests */,
				52B146312B0BCC7A007D9C4E /* CodeAcademyPayUITests */,
				52B1460C2B0BCC77007D9C4E /* Products */,
				5272156B2B1BAE0200A5876A /* Frameworks */,
			);
			sourceTree = "<group>";
		};
		52B1460C2B0BCC77007D9C4E /* Products */ = {
			isa = PBXGroup;
			children = (
				52B1460B2B0BCC77007D9C4E /* CodeAcademyPay.app */,
				52B146242B0BCC7A007D9C4E /* CodeAcademyPayTests.xctest */,
				52B1462E2B0BCC7A007D9C4E /* CodeAcademyPayUITests.xctest */,
			);
			name = Products;
			sourceTree = "<group>";
		};
		52B1460D2B0BCC77007D9C4E /* CodeAcademyPay */ = {
			isa = PBXGroup;
			children = (
				52B146412B0BCD44007D9C4E /* Delegates */,
				52B146922B15051A007D9C4E /* Helpers */,
				5272154F2B17C9B300A5876A /* CoreData */,
				52B1464C2B0BE79E007D9C4E /* Networking */,
				52B146732B1484FA007D9C4E /* Structs */,
				52B146532B0D1121007D9C4E /* ViewModels */,
				527215562B19F19E00A5876A /* Scenes */,
				52B1461A2B0BCC7A007D9C4E /* Assets.xcassets */,
				52B1461C2B0BCC7A007D9C4E /* LaunchScreen.storyboard */,
				52B1461F2B0BCC7A007D9C4E /* Info.plist */,
				52B146172B0BCC77007D9C4E /* CodeAcademyPay.xcdatamodeld */,
				52B146892B14E743007D9C4E /* pavizdys.swift */,
				52B146832B14B25D007D9C4E /* Pavizdys.xib */,
			);
			path = CodeAcademyPay;
			sourceTree = "<group>";
		};
		52B146272B0BCC7A007D9C4E /* CodeAcademyPayTests */ = {
			isa = PBXGroup;
			children = (
				52B146282B0BCC7A007D9C4E /* CodeAcademyPayTests.swift */,
			);
			path = CodeAcademyPayTests;
			sourceTree = "<group>";
		};
		52B146312B0BCC7A007D9C4E /* CodeAcademyPayUITests */ = {
			isa = PBXGroup;
			children = (
				52B146322B0BCC7A007D9C4E /* CodeAcademyPayUITests.swift */,
				52B146342B0BCC7A007D9C4E /* CodeAcademyPayUITestsLaunchTests.swift */,
			);
			path = CodeAcademyPayUITests;
			sourceTree = "<group>";
		};
		52B146412B0BCD44007D9C4E /* Delegates */ = {
			isa = PBXGroup;
			children = (
				52B1460E2B0BCC77007D9C4E /* AppDelegate.swift */,
				52B146102B0BCC77007D9C4E /* SceneDelegate.swift */,
			);
			path = Delegates;
			sourceTree = "<group>";
		};
		52B146482B0BDD16007D9C4E /* Authentication */ = {
			isa = PBXGroup;
			children = (
				52B146422B0BDCF1007D9C4E /* AuthenticationViewController.swift */,
				52B146432B0BDCF1007D9C4E /* AuthenticationViewController.xib */,
			);
			path = Authentication;
			sourceTree = "<group>";
		};
		52B1464C2B0BE79E007D9C4E /* Networking */ = {
			isa = PBXGroup;
			children = (
				52B146502B0BEFB0007D9C4E /* Endpoints.swift */,
				52B1464D2B0BE7D8007D9C4E /* NetworkManager.swift */,
			);
			path = Networking;
			sourceTree = "<group>";
		};
		52B146532B0D1121007D9C4E /* ViewModels */ = {
			isa = PBXGroup;
			children = (
				52B1465D2B0E899B007D9C4E /* UserManagementViewModel.swift */,
				52B1467F2B14886D007D9C4E /* TransactionViewModel.swift */,
			);
			path = ViewModels;
			sourceTree = "<group>";
		};
		52B146722B13D823007D9C4E /* Home */ = {
			isa = PBXGroup;
			children = (
				52B1466C2B13D806007D9C4E /* HomeViewController.swift */,
				52B1466D2B13D806007D9C4E /* HomeViewController.xib */,
				52B146882B14B277007D9C4E /* SendMoney */,
				5272155D2B1A31B100A5876A /* AddMoney */,
				527215682B1B78FA00A5876A /* TransactionsListViewController */,
				527215712B1C916B00A5876A /* Settings */,
			);
			path = Home;
			sourceTree = "<group>";
		};
		52B146732B1484FA007D9C4E /* Structs */ = {
			isa = PBXGroup;
			children = (
				52B1469A2B15E68C007D9C4E /* ErrorResponse.swift */,
				52B1467E2B148673007D9C4E /* User */,
				52B1467D2B14865A007D9C4E /* Transaction */,
			);
			path = Structs;
			sourceTree = "<group>";
		};
		52B1467D2B14865A007D9C4E /* Transaction */ = {
			isa = PBXGroup;
			children = (
				52B146772B14852A007D9C4E /* TransactionResponse.swift */,
				52B1467A2B148631007D9C4E /* TransactionRequest.swift */,
			);
			path = Transaction;
			sourceTree = "<group>";
		};
		52B1467E2B148673007D9C4E /* User */ = {
			isa = PBXGroup;
			children = (
				52B146492B0BE625007D9C4E /* UserRegistrationData.swift */,
				52B1465A2B0E803C007D9C4E /* User.swift */,
				52B146632B0FE4B7007D9C4E /* AuthenticatedUser.swift */,
				52B146662B111372007D9C4E /* UserLoginData.swift */,
				52B146692B11166E007D9C4E /* UserLoginResponse.swift */,
			);
			path = User;
			sourceTree = "<group>";
		};
		52B146882B14B277007D9C4E /* SendMoney */ = {
			isa = PBXGroup;
			children = (
				52B1468C2B14E87B007D9C4E /* SendMoneyViewController.swift */,
				52B1468D2B14E87B007D9C4E /* SendMoneyViewController.xib */,
			);
			path = SendMoney;
			sourceTree = "<group>";
		};
		52B146922B15051A007D9C4E /* Helpers */ = {
			isa = PBXGroup;
			children = (
				52B146932B150545007D9C4E /* UnderlinedTextField.swift */,
				52B146962B152B34007D9C4E /* UIViewControllerHelper.swift */,
				52B1469C2B160262007D9C4E /* ValidationHelper.swift */,
				527215692B1B996600A5876A /* UIApplication+TopViewController.swift */,
				5272156E2B1BAE6200A5876A /* KeychainHelper.swift */,
			);
			path = Helpers;
			sourceTree = "<group>";
		};
		52B146A42B1755A3007D9C4E /* TransactionTableViewCell */ = {
			isa = PBXGroup;
			children = (
				52B1469E2B17554E007D9C4E /* TransactionTableViewCell.swift */,
				52B1469F2B17554E007D9C4E /* TransactionTableViewCell.xib */,
			);
			path = TransactionTableViewCell;
			sourceTree = "<group>";
		};
/* End PBXGroup section */

/* Begin PBXNativeTarget section */
		52B1460A2B0BCC77007D9C4E /* CodeAcademyPay */ = {
			isa = PBXNativeTarget;
			buildConfigurationList = 52B146382B0BCC7A007D9C4E /* Build configuration list for PBXNativeTarget "CodeAcademyPay" */;
			buildPhases = (
				52B146072B0BCC77007D9C4E /* Sources */,
				52B146082B0BCC77007D9C4E /* Frameworks */,
				52B146092B0BCC77007D9C4E /* Resources */,
			);
			buildRules = (
			);
			dependencies = (
			);
			name = CodeAcademyPay;
			productName = CodeAcademyPay;
			productReference = 52B1460B2B0BCC77007D9C4E /* CodeAcademyPay.app */;
			productType = "com.apple.product-type.application";
		};
		52B146232B0BCC7A007D9C4E /* CodeAcademyPayTests */ = {
			isa = PBXNativeTarget;
			buildConfigurationList = 52B1463B2B0BCC7A007D9C4E /* Build configuration list for PBXNativeTarget "CodeAcademyPayTests" */;
			buildPhases = (
				52B146202B0BCC7A007D9C4E /* Sources */,
				52B146212B0BCC7A007D9C4E /* Frameworks */,
				52B146222B0BCC7A007D9C4E /* Resources */,
			);
			buildRules = (
			);
			dependencies = (
				52B146262B0BCC7A007D9C4E /* PBXTargetDependency */,
			);
			name = CodeAcademyPayTests;
			productName = CodeAcademyPayTests;
			productReference = 52B146242B0BCC7A007D9C4E /* CodeAcademyPayTests.xctest */;
			productType = "com.apple.product-type.bundle.unit-test";
		};
		52B1462D2B0BCC7A007D9C4E /* CodeAcademyPayUITests */ = {
			isa = PBXNativeTarget;
			buildConfigurationList = 52B1463E2B0BCC7A007D9C4E /* Build configuration list for PBXNativeTarget "CodeAcademyPayUITests" */;
			buildPhases = (
				52B1462A2B0BCC7A007D9C4E /* Sources */,
				52B1462B2B0BCC7A007D9C4E /* Frameworks */,
				52B1462C2B0BCC7A007D9C4E /* Resources */,
			);
			buildRules = (
			);
			dependencies = (
				52B146302B0BCC7A007D9C4E /* PBXTargetDependency */,
			);
			name = CodeAcademyPayUITests;
			productName = CodeAcademyPayUITests;
			productReference = 52B1462E2B0BCC7A007D9C4E /* CodeAcademyPayUITests.xctest */;
			productType = "com.apple.product-type.bundle.ui-testing";
		};
/* End PBXNativeTarget section */

/* Begin PBXProject section */
		52B146032B0BCC77007D9C4E /* Project object */ = {
			isa = PBXProject;
			attributes = {
				BuildIndependentTargetsInParallel = 1;
				LastSwiftUpdateCheck = 1500;
				LastUpgradeCheck = 1500;
				TargetAttributes = {
					52B1460A2B0BCC77007D9C4E = {
						CreatedOnToolsVersion = 15.0.1;
					};
					52B146232B0BCC7A007D9C4E = {
						CreatedOnToolsVersion = 15.0.1;
						TestTargetID = 52B1460A2B0BCC77007D9C4E;
					};
					52B1462D2B0BCC7A007D9C4E = {
						CreatedOnToolsVersion = 15.0.1;
						TestTargetID = 52B1460A2B0BCC77007D9C4E;
					};
				};
			};
			buildConfigurationList = 52B146062B0BCC77007D9C4E /* Build configuration list for PBXProject "CodeAcademyPay" */;
			compatibilityVersion = "Xcode 14.0";
			developmentRegion = en;
			hasScannedForEncodings = 0;
			knownRegions = (
				en,
				Base,
			);
			mainGroup = 52B146022B0BCC77007D9C4E;
			productRefGroup = 52B1460C2B0BCC77007D9C4E /* Products */;
			projectDirPath = "";
			projectRoot = "";
			targets = (
				52B1460A2B0BCC77007D9C4E /* CodeAcademyPay */,
				52B146232B0BCC7A007D9C4E /* CodeAcademyPayTests */,
				52B1462D2B0BCC7A007D9C4E /* CodeAcademyPayUITests */,
			);
		};
/* End PBXProject section */

/* Begin PBXResourcesBuildPhase section */
		52B146092B0BCC77007D9C4E /* Resources */ = {
			isa = PBXResourcesBuildPhase;
			buildActionMask = 2147483647;
			files = (
				5272155B2B1A31A400A5876A /* AddMoneyViewController.xib in Resources */,
				52B146462B0BDCF1007D9C4E /* AuthenticationViewController.xib in Resources */,
				52B1461E2B0BCC7A007D9C4E /* LaunchScreen.storyboard in Resources */,
				52B146702B13D806007D9C4E /* HomeViewController.xib in Resources */,
				52B146862B14B25D007D9C4E /* Pavizdys.xib in Resources */,
				527215752B1C919D00A5876A /* SettingsViewController.xib in Resources */,
				52B1461B2B0BCC7A007D9C4E /* Assets.xcassets in Resources */,
				52B146162B0BCC77007D9C4E /* Main.storyboard in Resources */,
				52B146A22B17554E007D9C4E /* TransactionTableViewCell.xib in Resources */,
				52B146902B14E87B007D9C4E /* SendMoneyViewController.xib in Resources */,
				527215662B1B6EFA00A5876A /* TransactionsListViewController.xib in Resources */,
			);
			runOnlyForDeploymentPostprocessing = 0;
		};
		52B146222B0BCC7A007D9C4E /* Resources */ = {
			isa = PBXResourcesBuildPhase;
			buildActionMask = 2147483647;
			files = (
				52B146A32B17554E007D9C4E /* TransactionTableViewCell.xib in Resources */,
				52B146872B14B25D007D9C4E /* Pavizdys.xib in Resources */,
				52B146912B14E87B007D9C4E /* SendMoneyViewController.xib in Resources */,
				5272155C2B1A31A400A5876A /* AddMoneyViewController.xib in Resources */,
				52B146472B0BDCF1007D9C4E /* AuthenticationViewController.xib in Resources */,
				527215672B1B6EFA00A5876A /* TransactionsListViewController.xib in Resources */,
				52B146712B13D806007D9C4E /* HomeViewController.xib in Resources */,
			);
			runOnlyForDeploymentPostprocessing = 0;
		};
		52B1462C2B0BCC7A007D9C4E /* Resources */ = {
			isa = PBXResourcesBuildPhase;
			buildActionMask = 2147483647;
			files = (
			);
			runOnlyForDeploymentPostprocessing = 0;
		};
/* End PBXResourcesBuildPhase section */

/* Begin PBXSourcesBuildPhase section */
		52B146072B0BCC77007D9C4E /* Sources */ = {
			isa = PBXSourcesBuildPhase;
			buildActionMask = 2147483647;
			files = (
				52B146192B0BCC77007D9C4E /* CodeAcademyPay.xcdatamodeld in Sources */,
				52B146132B0BCC77007D9C4E /* ViewController.swift in Sources */,
				52B1464A2B0BE625007D9C4E /* UserRegistrationData.swift in Sources */,
				52B146642B0FE4B7007D9C4E /* AuthenticatedUser.swift in Sources */,
				52B1466E2B13D806007D9C4E /* HomeViewController.swift in Sources */,
				5272154C2B17C62200A5876A /* Transaction+CoreDataProperties.swift in Sources */,
				52B1469D2B160262007D9C4E /* ValidationHelper.swift in Sources */,
				52B146442B0BDCF1007D9C4E /* AuthenticationViewController.swift in Sources */,
				52B1460F2B0BCC77007D9C4E /* AppDelegate.swift in Sources */,
				527215592B1A31A400A5876A /* AddMoneyViewController.swift in Sources */,
				52B146112B0BCC77007D9C4E /* SceneDelegate.swift in Sources */,
				52B146972B152B34007D9C4E /* UIViewControllerHelper.swift in Sources */,
				52B146A02B17554E007D9C4E /* TransactionTableViewCell.swift in Sources */,
				52B146782B14852A007D9C4E /* TransactionResponse.swift in Sources */,
				52B146942B150545007D9C4E /* UnderlinedTextField.swift in Sources */,
				5272156A2B1B996600A5876A /* UIApplication+TopViewController.swift in Sources */,
				52B1465E2B0E899B007D9C4E /* UserManagementViewModel.swift in Sources */,
				52B1468A2B14E743007D9C4E /* pavizdys.swift in Sources */,
				5272156F2B1BAE6200A5876A /* KeychainHelper.swift in Sources */,
				52B146802B14886D007D9C4E /* TransactionViewModel.swift in Sources */,
				52B1468E2B14E87B007D9C4E /* SendMoneyViewController.swift in Sources */,
				52B1466A2B11166E007D9C4E /* UserLoginResponse.swift in Sources */,
				52B1469B2B15E68C007D9C4E /* ErrorResponse.swift in Sources */,
				52B146512B0BEFB0007D9C4E /* Endpoints.swift in Sources */,
				52B1464E2B0BE7D8007D9C4E /* NetworkManager.swift in Sources */,
				5272154B2B17C62200A5876A /* Transaction+CoreDataClass.swift in Sources */,
				52B1465B2B0E803C007D9C4E /* User.swift in Sources */,
				52B146672B111372007D9C4E /* UserLoginData.swift in Sources */,
				52B1467B2B148631007D9C4E /* TransactionRequest.swift in Sources */,
				527215642B1B6EFA00A5876A /* TransactionsListViewController.swift in Sources */,
				527215742B1C919D00A5876A /* SettingsViewController.swift in Sources */,
			);
			runOnlyForDeploymentPostprocessing = 0;
		};
		52B146202B0BCC7A007D9C4E /* Sources */ = {
			isa = PBXSourcesBuildPhase;
			buildActionMask = 2147483647;
			files = (
				52B146682B111372007D9C4E /* UserLoginData.swift in Sources */,
				52B146452B0BDCF1007D9C4E /* AuthenticationViewController.swift in Sources */,
				52B1468F2B14E87B007D9C4E /* SendMoneyViewController.swift in Sources */,
				527215652B1B6EFA00A5876A /* TransactionsListViewController.swift in Sources */,
				52B146292B0BCC7A007D9C4E /* CodeAcademyPayTests.swift in Sources */,
				52B1467C2B148631007D9C4E /* TransactionRequest.swift in Sources */,
				52B1464B2B0BE625007D9C4E /* UserRegistrationData.swift in Sources */,
				52B146792B14852A007D9C4E /* TransactionResponse.swift in Sources */,
				5272155A2B1A31A400A5876A /* AddMoneyViewController.swift in Sources */,
				52B146652B0FE4B7007D9C4E /* AuthenticatedUser.swift in Sources */,
				52B1465C2B0E803C007D9C4E /* User.swift in Sources */,
				52B1468B2B14E743007D9C4E /* pavizdys.swift in Sources */,
				52B1465F2B0E899B007D9C4E /* UserManagementViewModel.swift in Sources */,
				52B1464F2B0BE7D8007D9C4E /* NetworkManager.swift in Sources */,
				52B146952B150545007D9C4E /* UnderlinedTextField.swift in Sources */,
				52B146522B0BEFB0007D9C4E /* Endpoints.swift in Sources */,
				52B1466B2B11166E007D9C4E /* UserLoginResponse.swift in Sources */,
				52B1466F2B13D806007D9C4E /* HomeViewController.swift in Sources */,
				52B146A12B17554E007D9C4E /* TransactionTableViewCell.swift in Sources */,
				52B146812B14886D007D9C4E /* TransactionViewModel.swift in Sources */,
			);
			runOnlyForDeploymentPostprocessing = 0;
		};
		52B1462A2B0BCC7A007D9C4E /* Sources */ = {
			isa = PBXSourcesBuildPhase;
			buildActionMask = 2147483647;
			files = (
				52B146332B0BCC7A007D9C4E /* CodeAcademyPayUITests.swift in Sources */,
				52B146352B0BCC7A007D9C4E /* CodeAcademyPayUITestsLaunchTests.swift in Sources */,
			);
			runOnlyForDeploymentPostprocessing = 0;
		};
/* End PBXSourcesBuildPhase section */

/* Begin PBXTargetDependency section */
		52B146262B0BCC7A007D9C4E /* PBXTargetDependency */ = {
			isa = PBXTargetDependency;
			target = 52B1460A2B0BCC77007D9C4E /* CodeAcademyPay */;
			targetProxy = 52B146252B0BCC7A007D9C4E /* PBXContainerItemProxy */;
		};
		52B146302B0BCC7A007D9C4E /* PBXTargetDependency */ = {
			isa = PBXTargetDependency;
			target = 52B1460A2B0BCC77007D9C4E /* CodeAcademyPay */;
			targetProxy = 52B1462F2B0BCC7A007D9C4E /* PBXContainerItemProxy */;
		};
/* End PBXTargetDependency section */

/* Begin PBXVariantGroup section */
		52B146142B0BCC77007D9C4E /* Main.storyboard */ = {
			isa = PBXVariantGroup;
			children = (
				52B146152B0BCC77007D9C4E /* Base */,
			);
			name = Main.storyboard;
			sourceTree = "<group>";
		};
		52B1461C2B0BCC7A007D9C4E /* LaunchScreen.storyboard */ = {
			isa = PBXVariantGroup;
			children = (
				52B1461D2B0BCC7A007D9C4E /* Base */,
			);
			name = LaunchScreen.storyboard;
			sourceTree = "<group>";
		};
/* End PBXVariantGroup section */

/* Begin XCBuildConfiguration section */
		52B146362B0BCC7A007D9C4E /* Debug */ = {
			isa = XCBuildConfiguration;
			buildSettings = {
				ALWAYS_SEARCH_USER_PATHS = NO;
				ASSETCATALOG_COMPILER_GENERATE_SWIFT_ASSET_SYMBOL_EXTENSIONS = YES;
				CLANG_ANALYZER_NONNULL = YES;
				CLANG_ANALYZER_NUMBER_OBJECT_CONVERSION = YES_AGGRESSIVE;
				CLANG_CXX_LANGUAGE_STANDARD = "gnu++20";
				CLANG_ENABLE_MODULES = YES;
				CLANG_ENABLE_OBJC_ARC = YES;
				CLANG_ENABLE_OBJC_WEAK = YES;
				CLANG_WARN_BLOCK_CAPTURE_AUTORELEASING = YES;
				CLANG_WARN_BOOL_CONVERSION = YES;
				CLANG_WARN_COMMA = YES;
				CLANG_WARN_CONSTANT_CONVERSION = YES;
				CLANG_WARN_DEPRECATED_OBJC_IMPLEMENTATIONS = YES;
				CLANG_WARN_DIRECT_OBJC_ISA_USAGE = YES_ERROR;
				CLANG_WARN_DOCUMENTATION_COMMENTS = YES;
				CLANG_WARN_EMPTY_BODY = YES;
				CLANG_WARN_ENUM_CONVERSION = YES;
				CLANG_WARN_INFINITE_RECURSION = YES;
				CLANG_WARN_INT_CONVERSION = YES;
				CLANG_WARN_NON_LITERAL_NULL_CONVERSION = YES;
				CLANG_WARN_OBJC_IMPLICIT_RETAIN_SELF = YES;
				CLANG_WARN_OBJC_LITERAL_CONVERSION = YES;
				CLANG_WARN_OBJC_ROOT_CLASS = YES_ERROR;
				CLANG_WARN_QUOTED_INCLUDE_IN_FRAMEWORK_HEADER = YES;
				CLANG_WARN_RANGE_LOOP_ANALYSIS = YES;
				CLANG_WARN_STRICT_PROTOTYPES = YES;
				CLANG_WARN_SUSPICIOUS_MOVE = YES;
				CLANG_WARN_UNGUARDED_AVAILABILITY = YES_AGGRESSIVE;
				CLANG_WARN_UNREACHABLE_CODE = YES;
				CLANG_WARN__DUPLICATE_METHOD_MATCH = YES;
				COPY_PHASE_STRIP = NO;
				DEBUG_INFORMATION_FORMAT = dwarf;
				ENABLE_STRICT_OBJC_MSGSEND = YES;
				ENABLE_TESTABILITY = YES;
				ENABLE_USER_SCRIPT_SANDBOXING = YES;
				GCC_C_LANGUAGE_STANDARD = gnu17;
				GCC_DYNAMIC_NO_PIC = NO;
				GCC_NO_COMMON_BLOCKS = YES;
				GCC_OPTIMIZATION_LEVEL = 0;
				GCC_PREPROCESSOR_DEFINITIONS = (
					"DEBUG=1",
					"$(inherited)",
				);
				GCC_WARN_64_TO_32_BIT_CONVERSION = YES;
				GCC_WARN_ABOUT_RETURN_TYPE = YES_ERROR;
				GCC_WARN_UNDECLARED_SELECTOR = YES;
				GCC_WARN_UNINITIALIZED_AUTOS = YES_AGGRESSIVE;
				GCC_WARN_UNUSED_FUNCTION = YES;
				GCC_WARN_UNUSED_VARIABLE = YES;
				IPHONEOS_DEPLOYMENT_TARGET = 17.0;
				LOCALIZATION_PREFERS_STRING_CATALOGS = YES;
				MTL_ENABLE_DEBUG_INFO = INCLUDE_SOURCE;
				MTL_FAST_MATH = YES;
				ONLY_ACTIVE_ARCH = YES;
				SDKROOT = iphoneos;
				SWIFT_ACTIVE_COMPILATION_CONDITIONS = "DEBUG $(inherited)";
				SWIFT_OPTIMIZATION_LEVEL = "-Onone";
			};
			name = Debug;
		};
		52B146372B0BCC7A007D9C4E /* Release */ = {
			isa = XCBuildConfiguration;
			buildSettings = {
				ALWAYS_SEARCH_USER_PATHS = NO;
				ASSETCATALOG_COMPILER_GENERATE_SWIFT_ASSET_SYMBOL_EXTENSIONS = YES;
				CLANG_ANALYZER_NONNULL = YES;
				CLANG_ANALYZER_NUMBER_OBJECT_CONVERSION = YES_AGGRESSIVE;
				CLANG_CXX_LANGUAGE_STANDARD = "gnu++20";
				CLANG_ENABLE_MODULES = YES;
				CLANG_ENABLE_OBJC_ARC = YES;
				CLANG_ENABLE_OBJC_WEAK = YES;
				CLANG_WARN_BLOCK_CAPTURE_AUTORELEASING = YES;
				CLANG_WARN_BOOL_CONVERSION = YES;
				CLANG_WARN_COMMA = YES;
				CLANG_WARN_CONSTANT_CONVERSION = YES;
				CLANG_WARN_DEPRECATED_OBJC_IMPLEMENTATIONS = YES;
				CLANG_WARN_DIRECT_OBJC_ISA_USAGE = YES_ERROR;
				CLANG_WARN_DOCUMENTATION_COMMENTS = YES;
				CLANG_WARN_EMPTY_BODY = YES;
				CLANG_WARN_ENUM_CONVERSION = YES;
				CLANG_WARN_INFINITE_RECURSION = YES;
				CLANG_WARN_INT_CONVERSION = YES;
				CLANG_WARN_NON_LITERAL_NULL_CONVERSION = YES;
				CLANG_WARN_OBJC_IMPLICIT_RETAIN_SELF = YES;
				CLANG_WARN_OBJC_LITERAL_CONVERSION = YES;
				CLANG_WARN_OBJC_ROOT_CLASS = YES_ERROR;
				CLANG_WARN_QUOTED_INCLUDE_IN_FRAMEWORK_HEADER = YES;
				CLANG_WARN_RANGE_LOOP_ANALYSIS = YES;
				CLANG_WARN_STRICT_PROTOTYPES = YES;
				CLANG_WARN_SUSPICIOUS_MOVE = YES;
				CLANG_WARN_UNGUARDED_AVAILABILITY = YES_AGGRESSIVE;
				CLANG_WARN_UNREACHABLE_CODE = YES;
				CLANG_WARN__DUPLICATE_METHOD_MATCH = YES;
				COPY_PHASE_STRIP = NO;
				DEBUG_INFORMATION_FORMAT = "dwarf-with-dsym";
				ENABLE_NS_ASSERTIONS = NO;
				ENABLE_STRICT_OBJC_MSGSEND = YES;
				ENABLE_USER_SCRIPT_SANDBOXING = YES;
				GCC_C_LANGUAGE_STANDARD = gnu17;
				GCC_NO_COMMON_BLOCKS = YES;
				GCC_WARN_64_TO_32_BIT_CONVERSION = YES;
				GCC_WARN_ABOUT_RETURN_TYPE = YES_ERROR;
				GCC_WARN_UNDECLARED_SELECTOR = YES;
				GCC_WARN_UNINITIALIZED_AUTOS = YES_AGGRESSIVE;
				GCC_WARN_UNUSED_FUNCTION = YES;
				GCC_WARN_UNUSED_VARIABLE = YES;
				IPHONEOS_DEPLOYMENT_TARGET = 17.0;
				LOCALIZATION_PREFERS_STRING_CATALOGS = YES;
				MTL_ENABLE_DEBUG_INFO = NO;
				MTL_FAST_MATH = YES;
				SDKROOT = iphoneos;
				SWIFT_COMPILATION_MODE = wholemodule;
				VALIDATE_PRODUCT = YES;
			};
			name = Release;
		};
		52B146392B0BCC7A007D9C4E /* Debug */ = {
			isa = XCBuildConfiguration;
			buildSettings = {
				ASSETCATALOG_COMPILER_APPICON_NAME = AppIcon;
				ASSETCATALOG_COMPILER_GLOBAL_ACCENT_COLOR_NAME = AccentColor;
				CODE_SIGN_STYLE = Automatic;
				CURRENT_PROJECT_VERSION = 1;
				DEVELOPMENT_TEAM = B928425H46;
				GENERATE_INFOPLIST_FILE = YES;
				INFOPLIST_FILE = CodeAcademyPay/Info.plist;
				INFOPLIST_KEY_UIApplicationSupportsIndirectInputEvents = YES;
				INFOPLIST_KEY_UILaunchStoryboardName = LaunchScreen;
				INFOPLIST_KEY_UIMainStoryboardFile = Main;
				INFOPLIST_KEY_UISupportedInterfaceOrientations = UIInterfaceOrientationPortrait;
				INFOPLIST_KEY_UISupportedInterfaceOrientations_iPad = "UIInterfaceOrientationLandscapeLeft UIInterfaceOrientationLandscapeRight UIInterfaceOrientationPortrait UIInterfaceOrientationPortraitUpsideDown";
				INFOPLIST_KEY_UIUserInterfaceStyle = Dark;
				LD_RUNPATH_SEARCH_PATHS = (
					"$(inherited)",
					"@executable_path/Frameworks",
				);
				MARKETING_VERSION = 1.0;
				PRODUCT_BUNDLE_IDENTIFIER = NerijusSurkys.CodeAcademyPay;
				PRODUCT_NAME = "$(TARGET_NAME)";
				SUPPORTED_PLATFORMS = "iphoneos iphonesimulator";
				SUPPORTS_MACCATALYST = NO;
				SUPPORTS_MAC_DESIGNED_FOR_IPHONE_IPAD = NO;
				SWIFT_EMIT_LOC_STRINGS = YES;
				SWIFT_VERSION = 5.0;
				TARGETED_DEVICE_FAMILY = 1;
			};
			name = Debug;
		};
		52B1463A2B0BCC7A007D9C4E /* Release */ = {
			isa = XCBuildConfiguration;
			buildSettings = {
				ASSETCATALOG_COMPILER_APPICON_NAME = AppIcon;
				ASSETCATALOG_COMPILER_GLOBAL_ACCENT_COLOR_NAME = AccentColor;
				CODE_SIGN_STYLE = Automatic;
				CURRENT_PROJECT_VERSION = 1;
				DEVELOPMENT_TEAM = B928425H46;
				GENERATE_INFOPLIST_FILE = YES;
				INFOPLIST_FILE = CodeAcademyPay/Info.plist;
				INFOPLIST_KEY_UIApplicationSupportsIndirectInputEvents = YES;
				INFOPLIST_KEY_UILaunchStoryboardName = LaunchScreen;
				INFOPLIST_KEY_UIMainStoryboardFile = Main;
				INFOPLIST_KEY_UISupportedInterfaceOrientations = UIInterfaceOrientationPortrait;
				INFOPLIST_KEY_UISupportedInterfaceOrientations_iPad = "UIInterfaceOrientationLandscapeLeft UIInterfaceOrientationLandscapeRight UIInterfaceOrientationPortrait UIInterfaceOrientationPortraitUpsideDown";
				INFOPLIST_KEY_UIUserInterfaceStyle = Dark;
				LD_RUNPATH_SEARCH_PATHS = (
					"$(inherited)",
					"@executable_path/Frameworks",
				);
				MARKETING_VERSION = 1.0;
				PRODUCT_BUNDLE_IDENTIFIER = NerijusSurkys.CodeAcademyPay;
				PRODUCT_NAME = "$(TARGET_NAME)";
				SUPPORTED_PLATFORMS = "iphoneos iphonesimulator";
				SUPPORTS_MACCATALYST = NO;
				SUPPORTS_MAC_DESIGNED_FOR_IPHONE_IPAD = NO;
				SWIFT_EMIT_LOC_STRINGS = YES;
				SWIFT_VERSION = 5.0;
				TARGETED_DEVICE_FAMILY = 1;
			};
			name = Release;
		};
		52B1463C2B0BCC7A007D9C4E /* Debug */ = {
			isa = XCBuildConfiguration;
			buildSettings = {
				ALWAYS_EMBED_SWIFT_STANDARD_LIBRARIES = YES;
				BUNDLE_LOADER = "$(TEST_HOST)";
				CODE_SIGN_STYLE = Automatic;
				CURRENT_PROJECT_VERSION = 1;
				DEVELOPMENT_TEAM = B928425H46;
				GENERATE_INFOPLIST_FILE = YES;
				IPHONEOS_DEPLOYMENT_TARGET = 17.0;
				MARKETING_VERSION = 1.0;
				PRODUCT_BUNDLE_IDENTIFIER = NerijusSurkys.CodeAcademyPayTests;
				PRODUCT_NAME = "$(TARGET_NAME)";
				SWIFT_EMIT_LOC_STRINGS = NO;
				SWIFT_VERSION = 5.0;
				TARGETED_DEVICE_FAMILY = "1,2";
				TEST_HOST = "$(BUILT_PRODUCTS_DIR)/CodeAcademyPay.app/$(BUNDLE_EXECUTABLE_FOLDER_PATH)/CodeAcademyPay";
			};
			name = Debug;
		};
		52B1463D2B0BCC7A007D9C4E /* Release */ = {
			isa = XCBuildConfiguration;
			buildSettings = {
				ALWAYS_EMBED_SWIFT_STANDARD_LIBRARIES = YES;
				BUNDLE_LOADER = "$(TEST_HOST)";
				CODE_SIGN_STYLE = Automatic;
				CURRENT_PROJECT_VERSION = 1;
				DEVELOPMENT_TEAM = B928425H46;
				GENERATE_INFOPLIST_FILE = YES;
				IPHONEOS_DEPLOYMENT_TARGET = 17.0;
				MARKETING_VERSION = 1.0;
				PRODUCT_BUNDLE_IDENTIFIER = NerijusSurkys.CodeAcademyPayTests;
				PRODUCT_NAME = "$(TARGET_NAME)";
				SWIFT_EMIT_LOC_STRINGS = NO;
				SWIFT_VERSION = 5.0;
				TARGETED_DEVICE_FAMILY = "1,2";
				TEST_HOST = "$(BUILT_PRODUCTS_DIR)/CodeAcademyPay.app/$(BUNDLE_EXECUTABLE_FOLDER_PATH)/CodeAcademyPay";
			};
			name = Release;
		};
		52B1463F2B0BCC7A007D9C4E /* Debug */ = {
			isa = XCBuildConfiguration;
			buildSettings = {
				ALWAYS_EMBED_SWIFT_STANDARD_LIBRARIES = YES;
				CODE_SIGN_STYLE = Automatic;
				CURRENT_PROJECT_VERSION = 1;
				DEVELOPMENT_TEAM = B928425H46;
				GENERATE_INFOPLIST_FILE = YES;
				MARKETING_VERSION = 1.0;
				PRODUCT_BUNDLE_IDENTIFIER = NerijusSurkys.CodeAcademyPayUITests;
				PRODUCT_NAME = "$(TARGET_NAME)";
				SWIFT_EMIT_LOC_STRINGS = NO;
				SWIFT_VERSION = 5.0;
				TARGETED_DEVICE_FAMILY = "1,2";
				TEST_TARGET_NAME = CodeAcademyPay;
			};
			name = Debug;
		};
		52B146402B0BCC7A007D9C4E /* Release */ = {
			isa = XCBuildConfiguration;
			buildSettings = {
				ALWAYS_EMBED_SWIFT_STANDARD_LIBRARIES = YES;
				CODE_SIGN_STYLE = Automatic;
				CURRENT_PROJECT_VERSION = 1;
				DEVELOPMENT_TEAM = B928425H46;
				GENERATE_INFOPLIST_FILE = YES;
				MARKETING_VERSION = 1.0;
				PRODUCT_BUNDLE_IDENTIFIER = NerijusSurkys.CodeAcademyPayUITests;
				PRODUCT_NAME = "$(TARGET_NAME)";
				SWIFT_EMIT_LOC_STRINGS = NO;
				SWIFT_VERSION = 5.0;
				TARGETED_DEVICE_FAMILY = "1,2";
				TEST_TARGET_NAME = CodeAcademyPay;
			};
			name = Release;
		};
/* End XCBuildConfiguration section */

/* Begin XCConfigurationList section */
		52B146062B0BCC77007D9C4E /* Build configuration list for PBXProject "CodeAcademyPay" */ = {
			isa = XCConfigurationList;
			buildConfigurations = (
				52B146362B0BCC7A007D9C4E /* Debug */,
				52B146372B0BCC7A007D9C4E /* Release */,
			);
			defaultConfigurationIsVisible = 0;
			defaultConfigurationName = Release;
		};
		52B146382B0BCC7A007D9C4E /* Build configuration list for PBXNativeTarget "CodeAcademyPay" */ = {
			isa = XCConfigurationList;
			buildConfigurations = (
				52B146392B0BCC7A007D9C4E /* Debug */,
				52B1463A2B0BCC7A007D9C4E /* Release */,
			);
			defaultConfigurationIsVisible = 0;
			defaultConfigurationName = Release;
		};
		52B1463B2B0BCC7A007D9C4E /* Build configuration list for PBXNativeTarget "CodeAcademyPayTests" */ = {
			isa = XCConfigurationList;
			buildConfigurations = (
				52B1463C2B0BCC7A007D9C4E /* Debug */,
				52B1463D2B0BCC7A007D9C4E /* Release */,
			);
			defaultConfigurationIsVisible = 0;
			defaultConfigurationName = Release;
		};
		52B1463E2B0BCC7A007D9C4E /* Build configuration list for PBXNativeTarget "CodeAcademyPayUITests" */ = {
			isa = XCConfigurationList;
			buildConfigurations = (
				52B1463F2B0BCC7A007D9C4E /* Debug */,
				52B146402B0BCC7A007D9C4E /* Release */,
			);
			defaultConfigurationIsVisible = 0;
			defaultConfigurationName = Release;
		};
/* End XCConfigurationList section */

/* Begin XCVersionGroup section */
		52B146172B0BCC77007D9C4E /* CodeAcademyPay.xcdatamodeld */ = {
			isa = XCVersionGroup;
			children = (
				52B146182B0BCC77007D9C4E /* CodeAcademyPay.xcdatamodel */,
			);
			currentVersion = 52B146182B0BCC77007D9C4E /* CodeAcademyPay.xcdatamodel */;
			path = CodeAcademyPay.xcdatamodeld;
			sourceTree = "<group>";
			versionGroupType = wrapper.xcdatamodel;
		};
/* End XCVersionGroup section */
	};
	rootObject = 52B146032B0BCC77007D9C4E /* Project object */;
}
